
Microsoft Visual Studio Solution File, Format Version 12.00
# Visual Studio Version 17
VisualStudioVersion = 17.1.32319.34
MinimumVisualStudioVersion = 10.0.40219.1
Project("{9A19103F-16F7-4668-BE54-9A1E7A4F7556}") = "Prueba", "Prueba\Prueba.csproj", "{B32918D9-B3CF-4A8B-A6E4-E5E902D2F8B4}"
EndProject
Project("{FAE04EC0-301F-11D3-BF4B-00C04F79EFBC}") = "Prueba.Model", "Prueba.Model\Prueba.Model.csproj", "{AA80E879-B649-4054-96D3-5FBB94766791}"
EndProject
Project("{FAE04EC0-301F-11D3-BF4B-00C04F79EFBC}") = "Prueba.Repository", "Prueba.Repository\Prueba.Repository.csproj", "{FE436CF5-338C-45BB-92FC-F72BBF37FD1E}"
EndProject
Global
	GlobalSection(SolutionConfigurationPlatforms) = preSolution
		Debug|Any CPU = Debug|Any CPU
		Release|Any CPU = Release|Any CPU
	EndGlobalSection
	GlobalSection(ProjectConfigurationPlatforms) = postSolution
		{B32918D9-B3CF-4A8B-A6E4-E5E902D2F8B4}.Debug|Any CPU.ActiveCfg = Debug|Any CPU
		{B32918D9-B3CF-4A8B-A6E4-E5E902D2F8B4}.Debug|Any CPU.Build.0 = Debug|Any CPU
		{B32918D9-B3CF-4A8B-A6E4-E5E902D2F8B4}.Release|Any CPU.ActiveCfg = Release|Any CPU
		{B32918D9-B3CF-4A8B-A6E4-E5E902D2F8B4}.Release|Any CPU.Build.0 = Release|Any CPU
		{AA80E879-B649-4054-96D3-5FBB94766791}.Debug|Any CPU.ActiveCfg = Debug|Any CPU
		{AA80E879-B649-4054-96D3-5FBB94766791}.Debug|Any CPU.Build.0 = Debug|Any CPU
		{AA80E879-B649-4054-96D3-5FBB94766791}.Release|Any CPU.ActiveCfg = Release|Any CPU
		{AA80E879-B649-4054-96D3-5FBB94766791}.Release|Any CPU.Build.0 = Release|Any CPU
		{FE436CF5-338C-45BB-92FC-F72BBF37FD1E}.Debug|Any CPU.ActiveCfg = Debug|Any CPU
		{FE436CF5-338C-45BB-92FC-F72BBF37FD1E}.Debug|Any CPU.Build.0 = Debug|Any CPU
		{FE436CF5-338C-45BB-92FC-F72BBF37FD1E}.Release|Any CPU.ActiveCfg = Release|Any CPU
		{FE436CF5-338C-45BB-92FC-F72BBF37FD1E}.Release|Any CPU.Build.0 = Release|Any CPU
	EndGlobalSection
	GlobalSection(SolutionProperties) = preSolution
		HideSolutionNode = FALSE
	EndGlobalSection
	GlobalSection(ExtensibilityGlobals) = postSolution
		SolutionGuid = {549602D5-0B62-4C6D-9E2B-C44E466687F9}
	EndGlobalSection
EndGlobal
